<?xml version="1.0" encoding="utf-8"?>
<Project ToolsVersion="4.0" xmlns="http://schemas.microsoft.com/developer/msbuild/2003">
  <ItemGroup>
    <Filter Include="Source Files">
      <UniqueIdentifier>{4FC737F1-C7A5-4376-A066-2A32D752A2FF}</UniqueIdentifier>
      <Extensions>qml;cpp;c;cc;cxx;def;odl;idl;hpj;bat;asm;asmx</Extensions>
    </Filter>
    <Filter Include="Header Files">
      <UniqueIdentifier>{93995380-89BD-4b04-88EB-625FBE52EBFB}</UniqueIdentifier>
      <Extensions>h;hh;hpp;hxx;hm;inl;inc;xsd</Extensions>
    </Filter>
    <Filter Include="Resource Files">
      <UniqueIdentifier>{67DA6AB6-F800-4c08-8B7A-83BB121AAD01}</UniqueIdentifier>
      <Extensions>qrc;rc;ico;cur;bmp;dlg;rc2;rct;bin;rgs;gif;jpg;jpeg;jpe;resx;tiff;tif;png;wav;mfcribbon-ms</Extensions>
    </Filter>
    <Filter Include="Form Files">
      <UniqueIdentifier>{99349809-55BA-4b9d-BF79-8FDBB0286EB3}</UniqueIdentifier>
      <Extensions>ui</Extensions>
    </Filter>
    <Filter Include="Translation Files">
      <UniqueIdentifier>{639EADAA-A684-42e4-A9AD-28FC9BCB8F7C}</UniqueIdentifier>
      <Extensions>ts</Extensions>
    </Filter>
  </ItemGroup>
  <ItemGroup>
    <QtRcc Include="src\VisualOpenCVProcessor.qrc">
      <Filter>Resource Files</Filter>
    </QtRcc>
    <QtUic Include="src\VisualOpenCVProcessor.ui">
      <Filter>Form Files</Filter>
    </QtUic>
    <QtMoc Include="src\VisualOpenCVProcessor.h">
      <Filter>Header Files</Filter>
    </QtMoc>
    <ClCompile Include="src\VisualOpenCVProcessor.cpp">
      <Filter>Source Files</Filter>
    </ClCompile>
  </ItemGroup>
  <ItemGroup>
    <ClCompile Include="src\main.cpp">
      <Filter>Source Files</Filter>
    </ClCompile>
    <ClCompile Include="src\logSystem\LogSystem.cpp">
      <Filter>Source Files</Filter>
    </ClCompile>
    <ClCompile Include="src\OpenCVNodes\ImageLoaderModel.cpp">
      <Filter>Source Files</Filter>
    </ClCompile>
    <ClCompile Include="src\OpenCVNodes\DisplayModel.cpp">
      <Filter>Source Files</Filter>
    </ClCompile>
    <ClCompile Include="src\DataType\DataTypeCastModel.cpp">
      <Filter>Source Files</Filter>
    </ClCompile>
    <ClCompile Include="src\OpenCVNodes\ImageSaveModel.cpp">
      <Filter>Source Files</Filter>
    </ClCompile>
    <ClCompile Include="src\OpenCVNodes\ImageResizeModel.cpp">
      <Filter>Source Files</Filter>
    </ClCompile>
    <ClCompile Include="src\OpenCVNodes\ImageCropModel.cpp">
      <Filter>Source Files</Filter>
    </ClCompile>
    <ClCompile Include="src\OpenCVNodes\ImageRotateModel.cpp">
      <Filter>Source Files</Filter>
    </ClCompile>
    <ClCompile Include="src\OpenCVNodes\ImageFlipModel.cpp">
      <Filter>Source Files</Filter>
    </ClCompile>
    <ClCompile Include="src\OpenCVNodes\ImageConvertColorModel.cpp">
      <Filter>Source Files</Filter>
    </ClCompile>
    <ClCompile Include="src\OpenCVNodes\ImageBlurModel.cpp">
      <Filter>Source Files</Filter>
    </ClCompile>
    <ClCompile Include="src\OpenCVNodes\ImageGaussianBlurModel.cpp">
      <Filter>Source Files</Filter>
    </ClCompile>
    <ClCompile Include="src\OpenCVNodes\ImageImmedianBlurModel.cpp">
      <Filter>Source Files</Filter>
    </ClCompile>
    <ClCompile Include="src\OpenCVNodes\ImageImbilateralFilter.cpp">
      <Filter>Source Files</Filter>
    </ClCompile>
    <ClCompile Include="src\OpenCVNodes\ImageImadaptiveThresh.cpp">
      <Filter>Source Files</Filter>
    </ClCompile>
    <ClCompile Include="src\OpenCVNodes\ImageCannyModel.cpp">
      <Filter>Source Files</Filter>
    </ClCompile>
    <ClCompile Include="src\OpenCVNodes\ImageSobelModel.cpp">
      <Filter>Source Files</Filter>
    </ClCompile>
    <ClCompile Include="src\OpenCVNodes\ImageLaplacianModel.cpp">
      <Filter>Source Files</Filter>
    </ClCompile>
    <ClCompile Include="src\OpenCVNodes\ImageHistEqualizeModel.cpp">
      <Filter>Source Files</Filter>
    </ClCompile>
    <ClCompile Include="src\OpenCVNodes\ImageDrawContoursModel.cpp">
      <Filter>Source Files</Filter>
    </ClCompile>
    <ClCompile Include="src\OpenCVNodes\ImageFindContoursModel.cpp">
      <Filter>Source Files</Filter>
    </ClCompile>
    <ClCompile Include="src\OpenCVNodes\ImageThresholdModel.cpp">
      <Filter>Source Files</Filter>
    </ClCompile>
    <ClCompile Include="src\OpenCVNodes\DrawLineModel.cpp">
      <Filter>Source Files</Filter>
    </ClCompile>
    <ClCompile Include="src\ToolNodes\ColorPicker.cpp">
      <Filter>Source Files</Filter>
    </ClCompile>
    <ClCompile Include="src\OpenCVNodes\DrawRectangleModel.cpp">
      <Filter>Source Files</Filter>
    </ClCompile>
    <ClCompile Include="src\OpenCVNodes\DrawCircleModel.cpp">
      <Filter>Source Files</Filter>
    </ClCompile>
    <ClCompile Include="src\OpenCVNodes\DrawTextModel.cpp">
      <Filter>Source Files</Filter>
    </ClCompile>
    <ClCompile Include="src\OpenCVNodes\ImageChannelExtract.cpp">
      <Filter>Source Files</Filter>
    </ClCompile>
    <ClCompile Include="InRange.cpp">
      <Filter>Source Files</Filter>
    </ClCompile>
    <ClCompile Include="src\Math\BitwiseOr.cpp">
      <Filter>Source Files</Filter>
    </ClCompile>
    <ClCompile Include="src\Math\BitwiseAnd.cpp">
      <Filter>Source Files</Filter>
    </ClCompile>
    <ClCompile Include="CameraReadModel.cpp">
      <Filter>Source Files</Filter>
    </ClCompile>
    <ClCompile Include="src\ParameterManager.cpp">
      <Filter>Source Files</Filter>
    </ClCompile>
  </ItemGroup>
  <ItemGroup>
    <ClInclude Include="src\logSystem\LogSystem.h">
      <Filter>Header Files</Filter>
    </ClInclude>
    <ClInclude Include="src\DataType\NodeDataType.h">
      <Filter>Header Files</Filter>
    </ClInclude>
    <ClInclude Include="src\OpenCVNodes\OpenCVNodes.h">
      <Filter>Header Files</Filter>
    </ClInclude>
    <ClInclude Include="src\ToolNodes\ToolNodes.h">
      <Filter>Header Files</Filter>
    </ClInclude>
    <ClInclude Include="src\ParameterManager.h">
      <Filter>Header Files</Filter>
    </ClInclude>
  </ItemGroup>
  <ItemGroup>
    <QtMoc Include="src\OpenCVNodes\ImageLoaderModel.h">
      <Filter>Header Files</Filter>
    </QtMoc>
    <QtMoc Include="src\OpenCVNodes\DisplayModel.h">
      <Filter>Header Files</Filter>
    </QtMoc>
    <QtMoc Include="src\DataType\DataTypeCastModel.h">
      <Filter>Header Files</Filter>
    </QtMoc>
    <QtMoc Include="src\OpenCVNodes\ImageSaveModel.h">
      <Filter>Header Files</Filter>
    </QtMoc>
    <QtMoc Include="src\OpenCVNodes\ImageResizeModel.h">
      <Filter>Header Files</Filter>
    </QtMoc>
    <QtMoc Include="src\OpenCVNodes\ImageCropModel.h">
      <Filter>Header Files</Filter>
    </QtMoc>
    <QtMoc Include="src\OpenCVNodes\ImageRotateModel.h">
      <Filter>Header Files</Filter>
    </QtMoc>
    <QtMoc Include="src\OpenCVNodes\ImageFlipModel.h">
      <Filter>Header Files</Filter>
    </QtMoc>
    <QtMoc Include="src\OpenCVNodes\ImageConvertColorModel.h">
      <Filter>Header Files</Filter>
    </QtMoc>
    <QtMoc Include="src\OpenCVNodes\ImageBlurModel.h">
      <Filter>Header Files</Filter>
    </QtMoc>
    <QtMoc Include="src\OpenCVNodes\ImageGaussianBlurModel.h">
      <Filter>Header Files</Filter>
    </QtMoc>
    <QtMoc Include="src\OpenCVNodes\ImageImmedianBlurModel.h">
      <Filter>Header Files</Filter>
    </QtMoc>
    <QtMoc Include="src\OpenCVNodes\ImageImbilateralFilter.h">
      <Filter>Header Files</Filter>
    </QtMoc>
    <QtMoc Include="src\OpenCVNodes\ImageImadaptiveThresh.h">
      <Filter>Header Files</Filter>
    </QtMoc>
    <QtMoc Include="src\OpenCVNodes\ImageCannyModel.h">
      <Filter>Header Files</Filter>
    </QtMoc>
    <QtMoc Include="src\OpenCVNodes\ImageSobelModel.h">
      <Filter>Header Files</Filter>
    </QtMoc>
    <QtMoc Include="src\OpenCVNodes\ImageLaplacianModel.h">
      <Filter>Header Files</Filter>
    </QtMoc>
    <QtMoc Include="src\OpenCVNodes\ImageHistEqualizeModel.h">
      <Filter>Header Files</Filter>
    </QtMoc>
    <QtMoc Include="src\OpenCVNodes\ImageFindContoursModel.h">
      <Filter>Header Files</Filter>
    </QtMoc>
    <QtMoc Include="src\OpenCVNodes\ImageDrawContoursModel.h">
      <Filter>Header Files</Filter>
    </QtMoc>
    <QtMoc Include="src\OpenCVNodes\ImageThresholdModel.h">
      <Filter>Header Files</Filter>
    </QtMoc>
    <QtMoc Include="src\ToolNodes\ColorPicker.h">
      <Filter>Header Files</Filter>
    </QtMoc>
    <QtMoc Include="src\OpenCVNodes\DrawLineModel.h">
      <Filter>Header Files</Filter>
    </QtMoc>
    <QtMoc Include="src\OpenCVNodes\DrawRectangleModel.h">
      <Filter>Header Files</Filter>
    </QtMoc>
    <QtMoc Include="src\OpenCVNodes\DrawCircleModel.h">
      <Filter>Header Files</Filter>
    </QtMoc>
    <QtMoc Include="src\OpenCVNodes\DrawTextModel.h">
      <Filter>Header Files</Filter>
    </QtMoc>
    <QtMoc Include="src\OpenCVNodes\ImageChannelExtract.h">
      <Filter>Header Files</Filter>
    </QtMoc>
    <QtMoc Include="InRange.h">
      <Filter>Header Files</Filter>
    </QtMoc>
    <QtMoc Include="src\Math\BitwiseOr.h">
      <Filter>Header Files</Filter>
    </QtMoc>
    <QtMoc Include="src\Math\BitwiseAnd.h">
      <Filter>Header Files</Filter>
    </QtMoc>
    <QtMoc Include="CameraReadModel.h">
      <Filter>Header Files</Filter>
    </QtMoc>
  </ItemGroup>
  <ItemGroup>
    <Text Include="src\cv.txt" />
  </ItemGroup>
</Project>